<?xml version="1.0" encoding="utf-8"?>
<Project ToolsVersion="4.0" xmlns="http://schemas.microsoft.com/developer/msbuild/2003">
  <ItemGroup>
    <ClCompile Include="test.cpp" />
    <ClCompile Include="..\FleetCommand\GUIComponents\UpgradeButton.cpp">
      <Filter>CPPFiles%28HandsOFF%29</Filter>
    </ClCompile>
    <ClCompile Include="UpgradeButtonTests.cpp" />
    <ClCompile Include="GUIButtonTests.cpp" />
    <ClCompile Include="UnitButtonTests.cpp" />
  </ItemGroup>
  <ItemGroup>
    <Filter Include="CPPFiles%28HandsOFF%29">
      <UniqueIdentifier>{5d08658f-6f76-4437-9881-c39b2e361575}</UniqueIdentifier>
    </Filter>
  </ItemGroup>
  <ItemGroup>
    <None Include="packages.config" />
  </ItemGroup>
</Project>