<?xml version="1.0" encoding="utf-8"?>
<Project ToolsVersion="4.0" xmlns="http://schemas.microsoft.com/developer/msbuild/2003">
  <ItemGroup>
    <Filter Include="Resource Files">
      <UniqueIdentifier>{67DA6AB6-F800-4c08-8B7A-83BB121AAD01}</UniqueIdentifier>
      <Extensions>rc;ico;cur;bmp;dlg;rc2;rct;bin;rgs;gif;jpg;jpeg;jpe;resx;tiff;tif;png;wav;mfcribbon-ms</Extensions>
    </Filter>
    <Filter Include="Architecture">
      <UniqueIdentifier>{6a1e7e43-8cd6-46f5-b7dc-03bf1669acd6}</UniqueIdentifier>
    </Filter>
    <Filter Include="Architecture\Header">
      <UniqueIdentifier>{3ed1d2d5-1f03-4331-9684-833e6594e440}</UniqueIdentifier>
    </Filter>
    <Filter Include="Architecture\Source">
      <UniqueIdentifier>{ba3c4da7-5d4d-4934-ad8e-a14b6640f05e}</UniqueIdentifier>
    </Filter>
    <Filter Include="Screens">
      <UniqueIdentifier>{d956688d-7059-4bde-b80d-634e0fad57b5}</UniqueIdentifier>
    </Filter>
    <Filter Include="Screens\Header">
      <UniqueIdentifier>{ce0ae239-8a4c-4036-bbe6-a65f161e536e}</UniqueIdentifier>
    </Filter>
    <Filter Include="Screens\Source">
      <UniqueIdentifier>{d7416606-2689-4cb5-9e19-0cc98f7315a4}</UniqueIdentifier>
    </Filter>
    <Filter Include="GameServices">
      <UniqueIdentifier>{7d87690a-6382-479c-b17e-8869cfefe5ec}</UniqueIdentifier>
    </Filter>
    <Filter Include="GameServices\Header">
      <UniqueIdentifier>{fb844e2f-6d7f-4a32-a197-5e33a9784ec8}</UniqueIdentifier>
    </Filter>
    <Filter Include="GUIComponents">
      <UniqueIdentifier>{89809f59-11fd-4ca2-be2d-194d4a328ec0}</UniqueIdentifier>
    </Filter>
    <Filter Include="GUIComponents\Header">
      <UniqueIdentifier>{43c946a3-5ae1-4836-a72b-f8a92b43517b}</UniqueIdentifier>
    </Filter>
    <Filter Include="GUIComponents\Source">
      <UniqueIdentifier>{892b8f85-5e3f-4459-90e9-c3c51db15e57}</UniqueIdentifier>
    </Filter>
    <Filter Include="DataComponents">
      <UniqueIdentifier>{7a1b4db4-d476-4003-8f69-c6c733fbec74}</UniqueIdentifier>
    </Filter>
    <Filter Include="DataComponents\Header">
      <UniqueIdentifier>{cf7e6a2a-ba5b-41d4-be56-659498585037}</UniqueIdentifier>
    </Filter>
    <Filter Include="DataComponents\Source">
      <UniqueIdentifier>{698d8255-e4e0-4d41-b308-8015d9a7b5f0}</UniqueIdentifier>
    </Filter>
    <Filter Include="DataComponents\Units">
      <UniqueIdentifier>{bc4115f9-f9cc-4219-ba67-f6b4e0547033}</UniqueIdentifier>
    </Filter>
    <Filter Include="DataComponents\Units\Header">
      <UniqueIdentifier>{9d98f09c-e1c3-4d1b-a4eb-8296020ee913}</UniqueIdentifier>
    </Filter>
    <Filter Include="DataComponents\Units\Source">
      <UniqueIdentifier>{b29b326f-5ba5-49eb-8b5c-ada50c15e885}</UniqueIdentifier>
    </Filter>
    <Filter Include="DataComponents\ShipComponents">
      <UniqueIdentifier>{91d4ddc0-76b9-4af6-8bfa-3cdc84991d05}</UniqueIdentifier>
    </Filter>
    <Filter Include="DataComponents\ShipComponents\Header">
      <UniqueIdentifier>{2248b194-6861-4c0b-ae92-f36c3021d631}</UniqueIdentifier>
    </Filter>
    <Filter Include="DataComponents\ShipComponents\Source">
      <UniqueIdentifier>{033f78a0-5e82-4933-8c87-1be8818c398b}</UniqueIdentifier>
    </Filter>
    <Filter Include="DataComponents\ShipComponents\Weapons">
      <UniqueIdentifier>{762ba65c-f7c4-4274-bfc8-4308c1cb5a64}</UniqueIdentifier>
    </Filter>
    <Filter Include="DataComponents\ShipComponents\Weapons\Source">
      <UniqueIdentifier>{6abde100-15b4-4c3f-895e-5b7f1be2cb4d}</UniqueIdentifier>
    </Filter>
    <Filter Include="DataComponents\ShipComponents\Weapons\Header">
      <UniqueIdentifier>{ccad2755-affc-420e-a2d6-fb38f7d796b5}</UniqueIdentifier>
    </Filter>
    <Filter Include="DataComponents\ShipComponents\Accessories">
      <UniqueIdentifier>{ef9efecb-088e-47de-9a72-b5b278bfd1a9}</UniqueIdentifier>
    </Filter>
    <Filter Include="DataComponents\ShipComponents\Accessories\Header">
      <UniqueIdentifier>{4ddcb1fc-a1c1-4a76-aaf5-eb2f91984f29}</UniqueIdentifier>
    </Filter>
    <Filter Include="DataComponents\ShipComponents\Accessories\Source">
      <UniqueIdentifier>{e7201af5-e2d0-4f67-a3c3-44779f61f93d}</UniqueIdentifier>
    </Filter>
    <Filter Include="DataComponents\Units\Ships">
      <UniqueIdentifier>{1c6be17a-fb58-432b-ac4d-d28a65b1a452}</UniqueIdentifier>
    </Filter>
    <Filter Include="DataComponents\Units\Ships\Header">
      <UniqueIdentifier>{1d7ee701-e789-4f4b-a7fe-7380a937d6b0}</UniqueIdentifier>
    </Filter>
    <Filter Include="DataComponents\Units\Ships\Source">
      <UniqueIdentifier>{f01801c6-0200-48e2-8cd5-f7f86394ab7b}</UniqueIdentifier>
    </Filter>
  </ItemGroup>
  <ItemGroup>
    <ClCompile Include="Main.cpp">
      <Filter>Architecture\Source</Filter>
    </ClCompile>
    <ClCompile Include="FleetCommand.cpp">
      <Filter>Architecture\Source</Filter>
    </ClCompile>
    <ClCompile Include="Model.cpp">
      <Filter>Architecture\Source</Filter>
    </ClCompile>
    <ClCompile Include="View.cpp">
      <Filter>Architecture\Source</Filter>
    </ClCompile>
    <ClCompile Include="Controller.cpp">
      <Filter>Architecture\Source</Filter>
    </ClCompile>
    <ClCompile Include="Screens\NewGameMenuScreen.cpp">
      <Filter>Screens\Source</Filter>
    </ClCompile>
    <ClCompile Include="Screens\MainMenuScreen.cpp">
      <Filter>Screens\Source</Filter>
    </ClCompile>
    <ClCompile Include="Screens\LoadGameScreen.cpp">
      <Filter>Screens\Source</Filter>
    </ClCompile>
    <ClCompile Include="Screens\CustomMenuScreen.cpp">
      <Filter>Screens\Source</Filter>
    </ClCompile>
    <ClCompile Include="GUIComponents\DropBox.cpp">
      <Filter>GUIComponents\Source</Filter>
    </ClCompile>
    <ClCompile Include="Screens\WorldMapScreen.cpp">
      <Filter>Screens\Source</Filter>
    </ClCompile>
    <ClCompile Include="Screens\CityMapScreen.cpp">
      <Filter>Screens\Source</Filter>
    </ClCompile>
    <ClCompile Include="GUIComponents\DisplayPanel.cpp">
      <Filter>GUIComponents\Source</Filter>
    </ClCompile>
    <ClCompile Include="GUIComponents\WorldMap.cpp">
      <Filter>GUIComponents\Source</Filter>
    </ClCompile>
    <ClCompile Include="GUIComponents\CityMap.cpp">
      <Filter>GUIComponents\Source</Filter>
    </ClCompile>
    <ClCompile Include="GUIComponents\DropDownMenu.cpp">
      <Filter>GUIComponents\Source</Filter>
    </ClCompile>
    <ClCompile Include="GUIComponents\IMap.cpp">
      <Filter>GUIComponents\Source</Filter>
    </ClCompile>
    <ClCompile Include="DataComponents\City.cpp">
      <Filter>DataComponents\Source</Filter>
    </ClCompile>
    <ClCompile Include="Screens\Dashboard.cpp">
      <Filter>Screens\Source</Filter>
    </ClCompile>
    <ClCompile Include="Screens\CityDashboard.cpp">
      <Filter>Screens\Source</Filter>
    </ClCompile>
    <ClCompile Include="Screens\CityUpgradeScreen.cpp">
      <Filter>Screens\Source</Filter>
    </ClCompile>
    <ClCompile Include="Screens\UnitScreen.cpp">
      <Filter>Screens\Source</Filter>
    </ClCompile>
    <ClCompile Include="Screens\FleetScreen.cpp">
      <Filter>Screens\Source</Filter>
    </ClCompile>
    <ClCompile Include="Screens\ResearchScreen.cpp">
      <Filter>Screens\Source</Filter>
    </ClCompile>
    <ClCompile Include="DataComponents\Player.cpp">
      <Filter>DataComponents\Source</Filter>
    </ClCompile>
    <ClCompile Include="DataComponents\MediumAI.cpp">
      <Filter>DataComponents\Source</Filter>
    </ClCompile>
    <ClCompile Include="DataComponents\EasyAI.cpp">
      <Filter>DataComponents\Source</Filter>
    </ClCompile>
    <ClCompile Include="DataComponents\HardAI.cpp">
      <Filter>DataComponents\Source</Filter>
    </ClCompile>
    <ClCompile Include="GUIComponents\UpgradeButton.cpp">
      <Filter>GUIComponents\Source</Filter>
    </ClCompile>
    <ClCompile Include="DataComponents\ResearchData.cpp">
      <Filter>DataComponents\Source</Filter>
    </ClCompile>
    <ClCompile Include="GUIComponents\GUIButton.cpp">
      <Filter>GUIComponents\Source</Filter>
    </ClCompile>
    <ClCompile Include="GUIComponents\UnitButton.cpp">
      <Filter>GUIComponents\Source</Filter>
    </ClCompile>
    <ClCompile Include="DataComponents\ShipComponents\Engine.cpp">
      <Filter>DataComponents\ShipComponents\Source</Filter>
    </ClCompile>
    <ClCompile Include="DataComponents\ShipComponents\Bridge.cpp">
      <Filter>DataComponents\ShipComponents\Source</Filter>
    </ClCompile>
    <ClCompile Include="DataComponents\ShipComponents\Hull.cpp">
      <Filter>DataComponents\ShipComponents\Source</Filter>
    </ClCompile>
    <ClCompile Include="DataComponents\ShipComponents\Accessories\Sonar.cpp">
      <Filter>DataComponents\ShipComponents\Accessories\Source</Filter>
    </ClCompile>
    <ClCompile Include="DataComponents\ShipComponents\Propeller.cpp">
      <Filter>DataComponents\ShipComponents\Source</Filter>
    </ClCompile>
    <ClCompile Include="DataComponents\Units\Marine.cpp">
      <Filter>DataComponents\Units\Source</Filter>
    </ClCompile>
    <ClCompile Include="DataComponents\ShipComponents\CargoHold.cpp">
      <Filter>DataComponents\ShipComponents\Source</Filter>
    </ClCompile>
    <ClCompile Include="DataComponents\ShipComponents\FuelStorage.cpp">
      <Filter>DataComponents\ShipComponents\Source</Filter>
    </ClCompile>
    <ClCompile Include="DataComponents\ShipComponents\Quarters.cpp">
      <Filter>DataComponents\ShipComponents\Source</Filter>
    </ClCompile>
    <ClCompile Include="DataComponents\Units\Ships\PatrolBoat.cpp">
      <Filter>DataComponents\Units\Ships\Source</Filter>
    </ClCompile>
    <ClCompile Include="DataComponents\Units\Ships\Corvette.cpp">
      <Filter>DataComponents\Units\Ships\Source</Filter>
    </ClCompile>
    <ClCompile Include="DataComponents\Units\Ships\Frigate.cpp">
      <Filter>DataComponents\Units\Ships\Source</Filter>
    </ClCompile>
    <ClCompile Include="DataComponents\Units\Ships\Submarine.cpp">
      <Filter>DataComponents\Units\Ships\Source</Filter>
    </ClCompile>
    <ClCompile Include="DataComponents\Units\Ships\Destroyer.cpp">
      <Filter>DataComponents\Units\Ships\Source</Filter>
    </ClCompile>
    <ClCompile Include="DataComponents\Units\Ships\Cruiser.cpp">
      <Filter>DataComponents\Units\Ships\Source</Filter>
    </ClCompile>
    <ClCompile Include="DataComponents\Units\Ships\Carrier.cpp">
      <Filter>DataComponents\Units\Ships\Source</Filter>
    </ClCompile>
    <ClCompile Include="DataComponents\Units\Ships\Tanker.cpp">
      <Filter>DataComponents\Units\Ships\Source</Filter>
    </ClCompile>
    <ClCompile Include="DataComponents\Units\Ships\CargoShip.cpp">
      <Filter>DataComponents\Units\Ships\Source</Filter>
    </ClCompile>
    <ClCompile Include="DataComponents\Units\Ships\TroopTransport.cpp">
      <Filter>DataComponents\Units\Ships\Source</Filter>
    </ClCompile>
    <ClCompile Include="DataComponents\Units\Ships\MissileShip.cpp">
      <Filter>DataComponents\Units\Ships\Source</Filter>
    </ClCompile>
    <ClCompile Include="DataComponents\Units\Ships\Fighter.cpp">
      <Filter>DataComponents\Units\Source</Filter>
    </ClCompile>
    <ClCompile Include="DataComponents\Units\Ships\Bomber.cpp">
      <Filter>DataComponents\Units\Source</Filter>
    </ClCompile>
    <ClCompile Include="DataComponents\ShipComponents\Accessories\Radar.cpp">
      <Filter>DataComponents\ShipComponents\Accessories\Source</Filter>
    </ClCompile>
  </ItemGroup>
  <ItemGroup>
    <ClInclude Include="FleetCommand.h">
      <Filter>Architecture\Header</Filter>
    </ClInclude>
    <ClInclude Include="Model.h">
      <Filter>Architecture\Header</Filter>
    </ClInclude>
    <ClInclude Include="View.h">
      <Filter>Architecture\Header</Filter>
    </ClInclude>
    <ClInclude Include="Controller.h">
      <Filter>Architecture\Header</Filter>
    </ClInclude>
    <ClInclude Include="Screens\IScreen.h">
      <Filter>Screens\Header</Filter>
    </ClInclude>
    <ClInclude Include="GameServices\GameEvent.h">
      <Filter>GameServices\Header</Filter>
    </ClInclude>
    <ClInclude Include="GameServices\Expressions.h">
      <Filter>GameServices\Header</Filter>
    </ClInclude>
    <ClInclude Include="Screens\NewGameMenuScreen.h">
      <Filter>Screens\Header</Filter>
    </ClInclude>
    <ClInclude Include="Screens\MainMenuScreen.h">
      <Filter>Screens\Header</Filter>
    </ClInclude>
    <ClInclude Include="Screens\Screens.h">
      <Filter>Screens\Header</Filter>
    </ClInclude>
    <ClInclude Include="Screens\LoadGameScreen.h">
      <Filter>Screens\Header</Filter>
    </ClInclude>
    <ClInclude Include="GameServices\LoadFile.h">
      <Filter>GameServices\Header</Filter>
    </ClInclude>
    <ClInclude Include="Screens\CustomMenuScreen.h">
      <Filter>Screens\Header</Filter>
    </ClInclude>
    <ClInclude Include="GUIComponents\DropBox.h">
      <Filter>GUIComponents\Header</Filter>
    </ClInclude>
    <ClInclude Include="Screens\WorldMapScreen.h">
      <Filter>Screens\Header</Filter>
    </ClInclude>
    <ClInclude Include="Screens\CityMapScreen.h">
      <Filter>Screens\Header</Filter>
    </ClInclude>
    <ClInclude Include="GUIComponents\DisplayPanel.h">
      <Filter>GUIComponents\Header</Filter>
    </ClInclude>
    <ClInclude Include="GUIComponents\WorldMap.h">
      <Filter>GUIComponents\Header</Filter>
    </ClInclude>
    <ClInclude Include="GUIComponents\CityMap.h">
      <Filter>GUIComponents\Header</Filter>
    </ClInclude>
    <ClInclude Include="GUIComponents\DropDownMenu.h">
      <Filter>GUIComponents\Header</Filter>
    </ClInclude>
    <ClInclude Include="GUIComponents\IMap.h">
      <Filter>GUIComponents\Header</Filter>
    </ClInclude>
    <ClInclude Include="GameServices\Coordinate.h">
      <Filter>GameServices\Header</Filter>
    </ClInclude>
    <ClInclude Include="DataComponents\City.h">
      <Filter>DataComponents\Header</Filter>
    </ClInclude>
    <ClInclude Include="Screens\Dashboard.h">
      <Filter>Screens\Header</Filter>
    </ClInclude>
    <ClInclude Include="Screens\CityDashboard.h">
      <Filter>Screens\Header</Filter>
    </ClInclude>
    <ClInclude Include="Screens\CityUpgradeScreen.h">
      <Filter>Screens\Header</Filter>
    </ClInclude>
    <ClInclude Include="Screens\UnitScreen.h">
      <Filter>Screens\Header</Filter>
    </ClInclude>
    <ClInclude Include="Screens\FleetScreen.h">
      <Filter>Screens\Header</Filter>
    </ClInclude>
    <ClInclude Include="Screens\ResearchScreen.h">
      <Filter>Screens\Header</Filter>
    </ClInclude>
    <ClInclude Include="DataComponents\Player.h">
      <Filter>DataComponents\Header</Filter>
    </ClInclude>
    <ClInclude Include="GameServices\Difficulty.h">
      <Filter>GameServices\Header</Filter>
    </ClInclude>
    <ClInclude Include="DataComponents\IAI.h">
      <Filter>DataComponents\Header</Filter>
    </ClInclude>
    <ClInclude Include="DataComponents\EasyAI.h">
      <Filter>DataComponents\Header</Filter>
    </ClInclude>
    <ClInclude Include="DataComponents\MediumAI.h">
      <Filter>DataComponents\Header</Filter>
    </ClInclude>
    <ClInclude Include="DataComponents\HardAI.h">
      <Filter>DataComponents\Header</Filter>
    </ClInclude>
    <ClInclude Include="GameServices\GameValues.h">
      <Filter>GameServices\Header</Filter>
    </ClInclude>
    <ClInclude Include="GUIComponents\UpgradeButton.h">
      <Filter>GUIComponents\Header</Filter>
    </ClInclude>
    <ClInclude Include="DataComponents\ResearchData.h">
      <Filter>DataComponents\Header</Filter>
    </ClInclude>
    <ClInclude Include="GUIComponents\GUIButton.h">
      <Filter>GUIComponents\Header</Filter>
    </ClInclude>
    <ClInclude Include="GameServices\Exceptions.h">
      <Filter>GameServices\Header</Filter>
    </ClInclude>
    <ClInclude Include="GUIComponents\UnitButton.h">
      <Filter>GUIComponents\Header</Filter>
    </ClInclude>
    <ClInclude Include="DataComponents\UnitData.h">
      <Filter>DataComponents\Header</Filter>
    </ClInclude>
    <ClInclude Include="GameServices\Evaluations.h">
      <Filter>GameServices\Header</Filter>
    </ClInclude>
    <ClInclude Include="DataComponents\Units\IUnit.h">
      <Filter>DataComponents\Units\Header</Filter>
    </ClInclude>
    <ClInclude Include="DataComponents\Units\IShip.h">
      <Filter>DataComponents\Units\Header</Filter>
    </ClInclude>
    <ClInclude Include="DataComponents\ShipComponents\IComponent.h">
      <Filter>DataComponents\ShipComponents\Header</Filter>
    </ClInclude>
    <ClInclude Include="DataComponents\ShipComponents\Engine.h">
      <Filter>DataComponents\ShipComponents\Header</Filter>
    </ClInclude>
    <ClInclude Include="DataComponents\ShipComponents\IWeapon.h">
      <Filter>DataComponents\ShipComponents\Header</Filter>
    </ClInclude>
    <ClInclude Include="DataComponents\ShipComponents\Bridge.h">
      <Filter>DataComponents\ShipComponents\Header</Filter>
    </ClInclude>
    <ClInclude Include="DataComponents\ShipComponents\IAccesory.h">
      <Filter>DataComponents\ShipComponents\Header</Filter>
    </ClInclude>
    <ClInclude Include="DataComponents\ShipComponents\Hull.h">
      <Filter>DataComponents\ShipComponents\Header</Filter>
    </ClInclude>
    <ClInclude Include="DataComponents\ShipComponents\Accessories\Sonar.h">
      <Filter>DataComponents\ShipComponents\Accessories\Header</Filter>
    </ClInclude>
    <ClInclude Include="DataComponents\ShipComponents\Propeller.h">
      <Filter>DataComponents\ShipComponents\Header</Filter>
    </ClInclude>
    <ClInclude Include="DataComponents\Units\Marine.h">
      <Filter>DataComponents\Units\Header</Filter>
    </ClInclude>
    <ClInclude Include="DataComponents\ShipComponents\CargoHold.h">
      <Filter>DataComponents\ShipComponents\Header</Filter>
    </ClInclude>
    <ClInclude Include="DataComponents\ShipComponents\FuelStorage.h">
      <Filter>DataComponents\ShipComponents\Header</Filter>
    </ClInclude>
    <ClInclude Include="DataComponents\ShipComponents\Quarters.h">
      <Filter>DataComponents\ShipComponents\Header</Filter>
    </ClInclude>
    <ClInclude Include="DataComponents\Units\Ships\PatrolBoat.h">
      <Filter>DataComponents\Units\Ships\Header</Filter>
    </ClInclude>
    <ClInclude Include="DataComponents\Units\Ships\Corvette.h">
      <Filter>DataComponents\Units\Ships\Header</Filter>
    </ClInclude>
    <ClInclude Include="DataComponents\Units\Ships\Frigate.h">
      <Filter>DataComponents\Units\Ships\Header</Filter>
    </ClInclude>
    <ClInclude Include="DataComponents\Units\Ships\Submarine.h">
      <Filter>DataComponents\Units\Ships\Header</Filter>
    </ClInclude>
    <ClInclude Include="DataComponents\Units\Ships\Destroyer.h">
      <Filter>DataComponents\Units\Ships\Header</Filter>
    </ClInclude>
    <ClInclude Include="DataComponents\Units\Ships\Cruiser.h">
      <Filter>DataComponents\Units\Ships\Header</Filter>
    </ClInclude>
    <ClInclude Include="DataComponents\Units\Ships\Carrier.h">
      <Filter>DataComponents\Units\Ships\Header</Filter>
    </ClInclude>
    <ClInclude Include="DataComponents\Units\Ships\Tanker.h">
      <Filter>DataComponents\Units\Ships\Header</Filter>
    </ClInclude>
    <ClInclude Include="DataComponents\Units\Ships\CargoShip.h">
      <Filter>DataComponents\Units\Ships\Header</Filter>
    </ClInclude>
    <ClInclude Include="DataComponents\Units\Ships\TroopTransport.h">
      <Filter>DataComponents\Units\Ships\Header</Filter>
    </ClInclude>
    <ClInclude Include="DataComponents\Units\Ships\MissileShip.h">
      <Filter>DataComponents\Units\Ships\Header</Filter>
    </ClInclude>
    <ClInclude Include="DataComponents\Units\Ships\IAircraft.h">
      <Filter>DataComponents\Units\Header</Filter>
    </ClInclude>
    <ClInclude Include="DataComponents\Units\Ships\Fighter.h">
      <Filter>DataComponents\Units\Header</Filter>
    </ClInclude>
    <ClInclude Include="DataComponents\Units\Ships\Bomber.h">
      <Filter>DataComponents\Units\Header</Filter>
    </ClInclude>
    <ClInclude Include="DataComponents\ShipComponents\Accessories\Radar.h">
      <Filter>DataComponents\ShipComponents\Accessories\Header</Filter>
    </ClInclude>
  </ItemGroup>
</Project>