<?xml version="1.0" encoding="utf-8"?>
<Project ToolsVersion="4.0" xmlns="http://schemas.microsoft.com/developer/msbuild/2003">
  <ItemGroup>
    <Filter Include="Resource Files">
      <UniqueIdentifier>{67DA6AB6-F800-4c08-8B7A-83BB121AAD01}</UniqueIdentifier>
      <Extensions>rc;ico;cur;bmp;dlg;rc2;rct;bin;rgs;gif;jpg;jpeg;jpe;resx;tiff;tif;png;wav;mfcribbon-ms</Extensions>
    </Filter>
    <Filter Include="Architecture">
      <UniqueIdentifier>{6a1e7e43-8cd6-46f5-b7dc-03bf1669acd6}</UniqueIdentifier>
    </Filter>
    <Filter Include="Architecture\Header">
      <UniqueIdentifier>{3ed1d2d5-1f03-4331-9684-833e6594e440}</UniqueIdentifier>
    </Filter>
    <Filter Include="Architecture\Source">
      <UniqueIdentifier>{ba3c4da7-5d4d-4934-ad8e-a14b6640f05e}</UniqueIdentifier>
    </Filter>
    <Filter Include="Screens">
      <UniqueIdentifier>{d956688d-7059-4bde-b80d-634e0fad57b5}</UniqueIdentifier>
    </Filter>
    <Filter Include="Screens\Header">
      <UniqueIdentifier>{ce0ae239-8a4c-4036-bbe6-a65f161e536e}</UniqueIdentifier>
    </Filter>
    <Filter Include="Screens\Source">
      <UniqueIdentifier>{d7416606-2689-4cb5-9e19-0cc98f7315a4}</UniqueIdentifier>
    </Filter>
    <Filter Include="GameServices">
      <UniqueIdentifier>{7d87690a-6382-479c-b17e-8869cfefe5ec}</UniqueIdentifier>
    </Filter>
    <Filter Include="GameServices\Header">
      <UniqueIdentifier>{fb844e2f-6d7f-4a32-a197-5e33a9784ec8}</UniqueIdentifier>
    </Filter>
    <Filter Include="GUIComponents">
      <UniqueIdentifier>{89809f59-11fd-4ca2-be2d-194d4a328ec0}</UniqueIdentifier>
    </Filter>
    <Filter Include="GUIComponents\Header">
      <UniqueIdentifier>{43c946a3-5ae1-4836-a72b-f8a92b43517b}</UniqueIdentifier>
    </Filter>
    <Filter Include="GUIComponents\Source">
      <UniqueIdentifier>{892b8f85-5e3f-4459-90e9-c3c51db15e57}</UniqueIdentifier>
    </Filter>
  </ItemGroup>
  <ItemGroup>
    <ClCompile Include="Main.cpp">
      <Filter>Architecture\Source</Filter>
    </ClCompile>
    <ClCompile Include="FleetCommand.cpp">
      <Filter>Architecture\Source</Filter>
    </ClCompile>
    <ClCompile Include="Model.cpp">
      <Filter>Architecture\Source</Filter>
    </ClCompile>
    <ClCompile Include="View.cpp">
      <Filter>Architecture\Source</Filter>
    </ClCompile>
    <ClCompile Include="Controller.cpp">
      <Filter>Architecture\Source</Filter>
    </ClCompile>
    <ClCompile Include="Screens\IScreen.cpp">
      <Filter>Screens\Source</Filter>
    </ClCompile>
    <ClCompile Include="Screens\NewGameMenuScreen.cpp">
      <Filter>Screens\Source</Filter>
    </ClCompile>
    <ClCompile Include="Screens\MainMenuScreen.cpp">
      <Filter>Screens\Source</Filter>
    </ClCompile>
    <ClCompile Include="Screens\LoadGameScreen.cpp">
      <Filter>Screens\Source</Filter>
    </ClCompile>
    <ClCompile Include="Screens\CustomMenuScreen.cpp">
      <Filter>Screens\Source</Filter>
    </ClCompile>
    <ClCompile Include="GUIComponents\DropBox.cpp">
      <Filter>GUIComponents\Source</Filter>
    </ClCompile>
    <ClCompile Include="Screens\WorldMapScreen.cpp">
      <Filter>Screens\Source</Filter>
    </ClCompile>
    <ClCompile Include="Screens\CityMapScreen.cpp">
      <Filter>Screens\Source</Filter>
    </ClCompile>
    <ClCompile Include="GUIComponents\DisplayPanel.cpp">
      <Filter>GUIComponents\Source</Filter>
    </ClCompile>
    <ClCompile Include="GUIComponents\WorldMap.cpp">
      <Filter>GUIComponents\Source</Filter>
    </ClCompile>
    <ClCompile Include="GUIComponents\CityMap.cpp">
      <Filter>GUIComponents\Source</Filter>
    </ClCompile>
  </ItemGroup>
  <ItemGroup>
    <ClInclude Include="FleetCommand.h">
      <Filter>Architecture\Header</Filter>
    </ClInclude>
    <ClInclude Include="Model.h">
      <Filter>Architecture\Header</Filter>
    </ClInclude>
    <ClInclude Include="View.h">
      <Filter>Architecture\Header</Filter>
    </ClInclude>
    <ClInclude Include="Controller.h">
      <Filter>Architecture\Header</Filter>
    </ClInclude>
    <ClInclude Include="Screens\IScreen.h">
      <Filter>Screens\Header</Filter>
    </ClInclude>
    <ClInclude Include="GameServices\GameEvent.h">
      <Filter>GameServices\Header</Filter>
    </ClInclude>
    <ClInclude Include="GameServices\Expressions.h">
      <Filter>GameServices\Header</Filter>
    </ClInclude>
    <ClInclude Include="Screens\NewGameMenuScreen.h">
      <Filter>Screens\Header</Filter>
    </ClInclude>
    <ClInclude Include="Screens\MainMenuScreen.h">
      <Filter>Screens\Header</Filter>
    </ClInclude>
    <ClInclude Include="Screens\Screens.h">
      <Filter>Screens\Header</Filter>
    </ClInclude>
    <ClInclude Include="Screens\LoadGameScreen.h">
      <Filter>Screens\Header</Filter>
    </ClInclude>
    <ClInclude Include="GameServices\LoadFile.h">
      <Filter>GameServices\Header</Filter>
    </ClInclude>
    <ClInclude Include="Screens\CustomMenuScreen.h">
      <Filter>Screens\Header</Filter>
    </ClInclude>
    <ClInclude Include="GUIComponents\DropBox.h">
      <Filter>GUIComponents\Header</Filter>
    </ClInclude>
    <ClInclude Include="Screens\WorldMapScreen.h">
      <Filter>Screens\Header</Filter>
    </ClInclude>
    <ClInclude Include="Screens\CityMapScreen.h">
      <Filter>Screens\Header</Filter>
    </ClInclude>
    <ClInclude Include="GUIComponents\DisplayPanel.h">
      <Filter>GUIComponents\Header</Filter>
    </ClInclude>
    <ClInclude Include="GUIComponents\WorldMap.h">
      <Filter>GUIComponents\Header</Filter>
    </ClInclude>
    <ClInclude Include="GUIComponents\CityMap.h">
      <Filter>GUIComponents\Header</Filter>
    </ClInclude>
  </ItemGroup>
</Project>